
Microsoft Visual Studio Solution File, Format Version 12.00
# Visual Studio Version 16
VisualStudioVersion = 16.0.30804.86
MinimumVisualStudioVersion = 10.0.40219.1
Project("{9A19103F-16F7-4668-BE54-9A1E7A4F7556}") = "Light-Photo-Manager", "Light-Photo-Manager.csproj", "{4F2D50A4-F09B-4C89-AFB9-429326FBE877}"
EndProject
Global
	GlobalSection(SolutionConfigurationPlatforms) = preSolution
		Debug|Any CPU = Debug|Any CPU
		Release|Any CPU = Release|Any CPU
	EndGlobalSection
	GlobalSection(ProjectConfigurationPlatforms) = postSolution
		{4F2D50A4-F09B-4C89-AFB9-429326FBE877}.Debug|Any CPU.ActiveCfg = Debug|Any CPU
		{4F2D50A4-F09B-4C89-AFB9-429326FBE877}.Debug|Any CPU.Build.0 = Debug|Any CPU
		{4F2D50A4-F09B-4C89-AFB9-429326FBE877}.Release|Any CPU.ActiveCfg = Release|Any CPU
		{4F2D50A4-F09B-4C89-AFB9-429326FBE877}.Release|Any CPU.Build.0 = Release|Any CPU
	EndGlobalSection
	GlobalSection(SolutionProperties) = preSolution
		HideSolutionNode = FALSE
	EndGlobalSection
	GlobalSection(ExtensibilityGlobals) = postSolution
		SolutionGuid = {5046D75F-61E2-4FEC-BF68-365BD4621157}
	EndGlobalSection
EndGlobal
